// !$*UTF8*$!
{
	archiveVersion = 1;
	classes = {
	};
	objectVersion = 50;
	objects = {

/* Begin PBXBuildFile section */
		57D88106260537B600F301D0 /* AppDelegate.swift in Sources */ = {isa = PBXBuildFile; fileRef = 57D88105260537B600F301D0 /* AppDelegate.swift */; };
		57D88108260537B600F301D0 /* SceneDelegate.swift in Sources */ = {isa = PBXBuildFile; fileRef = 57D88107260537B600F301D0 /* SceneDelegate.swift */; };
		57D8810A260537B600F301D0 /* ViewController.swift in Sources */ = {isa = PBXBuildFile; fileRef = 57D88109260537B600F301D0 /* ViewController.swift */; };
		57D8810D260537B600F301D0 /* Main.storyboard in Resources */ = {isa = PBXBuildFile; fileRef = 57D8810B260537B600F301D0 /* Main.storyboard */; };
		57D8810F260537C100F301D0 /* Assets.xcassets in Resources */ = {isa = PBXBuildFile; fileRef = 57D8810E260537C100F301D0 /* Assets.xcassets */; };
		57D88112260537C100F301D0 /* LaunchScreen.storyboard in Resources */ = {isa = PBXBuildFile; fileRef = 57D88110260537C100F301D0 /* LaunchScreen.storyboard */; };
		57D88121260598A000F301D0 /* ZipCodeTextFieldDelegate.swift in Sources */ = {isa = PBXBuildFile; fileRef = 57D88120260598A000F301D0 /* ZipCodeTextFieldDelegate.swift */; };
/* End PBXBuildFile section */

/* Begin PBXFileReference section */
		57D88102260537B600F301D0 /* Delegates Challenge App.app */ = {isa = PBXFileReference; explicitFileType = wrapper.application; includeInIndex = 0; path = "Delegates Challenge App.app"; sourceTree = BUILT_PRODUCTS_DIR; };
		57D88105260537B600F301D0 /* AppDelegate.swift */ = {isa = PBXFileReference; lastKnownFileType = sourcecode.swift; path = AppDelegate.swift; sourceTree = "<group>"; };
		57D88107260537B600F301D0 /* SceneDelegate.swift */ = {isa = PBXFileReference; lastKnownFileType = sourcecode.swift; path = SceneDelegate.swift; sourceTree = "<group>"; };
		57D88109260537B600F301D0 /* ViewController.swift */ = {isa = PBXFileReference; lastKnownFileType = sourcecode.swift; path = ViewController.swift; sourceTree = "<group>"; };
		57D8810C260537B600F301D0 /* Base */ = {isa = PBXFileReference; lastKnownFileType = file.storyboard; name = Base; path = Base.lproj/Main.storyboard; sourceTree = "<group>"; };
		57D8810E260537C100F301D0 /* Assets.xcassets */ = {isa = PBXFileReference; lastKnownFileType = folder.assetcatalog; path = Assets.xcassets; sourceTree = "<group>"; };
		57D88111260537C100F301D0 /* Base */ = {isa = PBXFileReference; lastKnownFileType = file.storyboard; name = Base; path = Base.lproj/LaunchScreen.storyboard; sourceTree = "<group>"; };
		57D88113260537C100F301D0 /* Info.plist */ = {isa = PBXFileReference; lastKnownFileType = text.plist.xml; path = Info.plist; sourceTree = "<group>"; };
		57D88120260598A000F301D0 /* ZipCodeTextFieldDelegate.swift */ = {isa = PBXFileReference; lastKnownFileType = sourcecode.swift; path = ZipCodeTextFieldDelegate.swift; sourceTree = "<group>"; };
/* End PBXFileReference section */

/* Begin PBXFrameworksBuildPhase section */
		57D880FF260537B600F301D0 /* Frameworks */ = {
			isa = PBXFrameworksBuildPhase;
			buildActionMask = 2147483647;
			files = (
			);
			runOnlyForDeploymentPostprocessing = 0;
		};
/* End PBXFrameworksBuildPhase section */

/* Begin PBXGroup section */
		57D880F9260537B600F301D0 = {
			isa = PBXGroup;
			children = (
				57D88104260537B600F301D0 /* Delegates Challenge App */,
				57D88103260537B600F301D0 /* Products */,
			);
			sourceTree = "<group>";
		};
		57D88103260537B600F301D0 /* Products */ = {
			isa = PBXGroup;
			children = (
				57D88102260537B600F301D0 /* Delegates Challenge App.app */,
			);
			name = Products;
			sourceTree = "<group>";
		};
		57D88104260537B600F301D0 /* Delegates Challenge App */ = {
			isa = PBXGroup;
			children = (
				57D88105260537B600F301D0 /* AppDelegate.swift */,
				57D88107260537B600F301D0 /* SceneDelegate.swift */,
				57D88109260537B600F301D0 /* ViewController.swift */,
				57D8810B260537B600F301D0 /* Main.storyboard */,
				57D88120260598A000F301D0 /* ZipCodeTextFieldDelegate.swift */,
				57D8810E260537C100F301D0 /* Assets.xcassets */,
				57D88110260537C100F301D0 /* LaunchScreen.storyboard */,
				57D88113260537C100F301D0 /* Info.plist */,
			);
			path = "Delegates Challenge App";
			sourceTree = "<group>";
		};
/* End PBXGroup section */

/* Begin PBXNativeTarget section */
		57D88101260537B600F301D0 /* Delegates Challenge App */ = {
			isa = PBXNativeTarget;
			buildConfigurationList = 57D88116260537C100F301D0 /* Build configuration list for PBXNativeTarget "Delegates Challenge App" */;
			buildPhases = (
				57D880FE260537B600F301D0 /* Sources */,
				57D880FF260537B600F301D0 /* Frameworks */,
				57D88100260537B600F301D0 /* Resources */,
			);
			buildRules = (
			);
			dependencies = (
			);
			name = "Delegates Challenge App";
			productName = "Delegates Challenge App";
			productReference = 57D88102260537B600F301D0 /* Delegates Challenge App.app */;
			productType = "com.apple.product-type.application";
		};
/* End PBXNativeTarget section */

/* Begin PBXProject section */
		57D880FA260537B600F301D0 /* Project object */ = {
			isa = PBXProject;
			attributes = {
				LastSwiftUpdateCheck = 1240;
				LastUpgradeCheck = 1240;
				TargetAttributes = {
					57D88101260537B600F301D0 = {
						CreatedOnToolsVersion = 12.4;
					};
				};
			};
			buildConfigurationList = 57D880FD260537B600F301D0 /* Build configuration list for PBXProject "Delegates Challenge App" */;
			compatibilityVersion = "Xcode 9.3";
			developmentRegion = en;
			hasScannedForEncodings = 0;
			knownRegions = (
				en,
				Base,
			);
			mainGroup = 57D880F9260537B600F301D0;
			productRefGroup = 57D88103260537B600F301D0 /* Products */;
			projectDirPath = "";
			projectRoot = "";
			targets = (
				57D88101260537B600F301D0 /* Delegates Challenge App */,
			);
		};
/* End PBXProject section */

/* Begin PBXResourcesBuildPhase section */
		57D88100260537B600F301D0 /* Resources */ = {
			isa = PBXResourcesBuildPhase;
			buildActionMask = 2147483647;
			files = (
				57D88112260537C100F301D0 /* LaunchScreen.storyboard in Resources */,
				57D8810F260537C100F301D0 /* Assets.xcassets in Resources */,
				57D8810D260537B600F301D0 /* Main.storyboard in Resources */,
			);
			runOnlyForDeploymentPostprocessing = 0;
		};
/* End PBXResourcesBuildPhase section */

/* Begin PBXSourcesBuildPhase section */
		57D880FE260537B600F301D0 /* Sources */ = {
			isa = PBXSourcesBuildPhase;
			buildActionMask = 2147483647;
			files = (
				57D8810A260537B600F301D0 /* ViewController.swift in Sources */,
				57D88106260537B600F301D0 /* AppDelegate.swift in Sources */,
				57D88108260537B600F301D0 /* SceneDelegate.swift in Sources */,
				57D88121260598A000F301D0 /* ZipCodeTextFieldDelegate.swift in Sources */,
			);
			runOnlyForDeploymentPostprocessing = 0;
		};
/* End PBXSourcesBuildPhase section */

/* Begin PBXVariantGroup section */
		57D8810B260537B600F301D0 /* Main.storyboard */ = {
			isa = PBXVariantGroup;
			children = (
				57D8810C260537B600F301D0 /* Base */,
			);
			name = Main.storyboard;
			sourceTree = "<group>";
		};
		57D88110260537C100F301D0 /* LaunchScreen.storyboard */ = {
			isa = PBXVariantGroup;
			children = (
				57D88111260537C100F301D0 /* Base */,
			);
			name = LaunchScreen.storyboard;
			sourceTree = "<group>";
		};
/* End PBXVariantGroup section */

/* Begin XCBuildConfiguration section */
		57D88114260537C100F301D0 /* Debug */ = {
			isa = XCBuildConfiguration;
			buildSettings = {
				ALWAYS_SEARCH_USER_PATHS = NO;
				CLANG_ANALYZER_NONNULL = YES;
				CLANG_ANALYZER_NUMBER_OBJECT_CONVERSION = YES_AGGRESSIVE;
				CLANG_CXX_LANGUAGE_STANDARD = "gnu++14";
				CLANG_CXX_LIBRARY = "libc++";
				CLANG_ENABLE_MODULES = YES;
				CLANG_ENABLE_OBJC_ARC = YES;
				CLANG_ENABLE_OBJC_WEAK = YES;
				CLANG_WARN_BLOCK_CAPTURE_AUTORELEASING = YES;
				CLANG_WARN_BOOL_CONVERSION = YES;
				CLANG_WARN_COMMA = YES;
				CLANG_WARN_CONSTANT_CONVERSION = YES;
				CLANG_WARN_DEPRECATED_OBJC_IMPLEMENTATIONS = YES;
				CLANG_WARN_DIRECT_OBJC_ISA_USAGE = YES_ERROR;
				CLANG_WARN_DOCUMENTATION_COMMENTS = YES;
				CLANG_WARN_EMPTY_BODY = YES;
				CLANG_WARN_ENUM_CONVERSION = YES;
				CLANG_WARN_INFINITE_RECURSION = YES;
				CLANG_WARN_INT_CONVERSION = YES;
				CLANG_WARN_NON_LITERAL_NULL_CONVERSION = YES;
				CLANG_WARN_OBJC_IMPLICIT_RETAIN_SELF = YES;
				CLANG_WARN_OBJC_LITERAL_CONVERSION = YES;
				CLANG_WARN_OBJC_ROOT_CLASS = YES_ERROR;
				CLANG_WARN_QUOTED_INCLUDE_IN_FRAMEWORK_HEADER = YES;
				CLANG_WARN_RANGE_LOOP_ANALYSIS = YES;
				CLANG_WARN_STRICT_PROTOTYPES = YES;
				CLANG_WARN_SUSPICIOUS_MOVE = YES;
				CLANG_WARN_UNGUARDED_AVAILABILITY = YES_AGGRESSIVE;
				CLANG_WARN_UNREACHABLE_CODE = YES;
				CLANG_WARN__DUPLICATE_METHOD_MATCH = YES;
				COPY_PHASE_STRIP = NO;
				DEBUG_INFORMATION_FORMAT = dwarf;
				ENABLE_STRICT_OBJC_MSGSEND = YES;
				ENABLE_TESTABILITY = YES;
				GCC_C_LANGUAGE_STANDARD = gnu11;
				GCC_DYNAMIC_NO_PIC = NO;
				GCC_NO_COMMON_BLOCKS = YES;
				GCC_OPTIMIZATION_LEVEL = 0;
				GCC_PREPROCESSOR_DEFINITIONS = (
					"DEBUG=1",
					"$(inherited)",
				);
				GCC_WARN_64_TO_32_BIT_CONVERSION = YES;
				GCC_WARN_ABOUT_RETURN_TYPE = YES_ERROR;
				GCC_WARN_UNDECLARED_SELECTOR = YES;
				GCC_WARN_UNINITIALIZED_AUTOS = YES_AGGRESSIVE;
				GCC_WARN_UNUSED_FUNCTION = YES;
				GCC_WARN_UNUSED_VARIABLE = YES;
				IPHONEOS_DEPLOYMENT_TARGET = 14.4;
				MTL_ENABLE_DEBUG_INFO = INCLUDE_SOURCE;
				MTL_FAST_MATH = YES;
				ONLY_ACTIVE_ARCH = YES;
				SDKROOT = iphoneos;
				SWIFT_ACTIVE_COMPILATION_CONDITIONS = DEBUG;
				SWIFT_OPTIMIZATION_LEVEL = "-Onone";
			};
			name = Debug;
		};
		57D88115260537C100F301D0 /* Release */ = {
			isa = XCBuildConfiguration;
			buildSettings = {
				ALWAYS_SEARCH_USER_PATHS = NO;
				CLANG_ANALYZER_NONNULL = YES;
				CLANG_ANALYZER_NUMBER_OBJECT_CONVERSION = YES_AGGRESSIVE;
				CLANG_CXX_LANGUAGE_STANDARD = "gnu++14";
				CLANG_CXX_LIBRARY = "libc++";
				CLANG_ENABLE_MODULES = YES;
				CLANG_ENABLE_OBJC_ARC = YES;
				CLANG_ENABLE_OBJC_WEAK = YES;
				CLANG_WARN_BLOCK_CAPTURE_AUTORELEASING = YES;
				CLANG_WARN_BOOL_CONVERSION = YES;
				CLANG_WARN_COMMA = YES;
				CLANG_WARN_CONSTANT_CONVERSION = YES;
				CLANG_WARN_DEPRECATED_OBJC_IMPLEMENTATIONS = YES;
				CLANG_WARN_DIRECT_OBJC_ISA_USAGE = YES_ERROR;
				CLANG_WARN_DOCUMENTATION_COMMENTS = YES;
				CLANG_WARN_EMPTY_BODY = YES;
				CLANG_WARN_ENUM_CONVERSION = YES;
				CLANG_WARN_INFINITE_RECURSION = YES;
				CLANG_WARN_INT_CONVERSION = YES;
				CLANG_WARN_NON_LITERAL_NULL_CONVERSION = YES;
				CLANG_WARN_OBJC_IMPLICIT_RETAIN_SELF = YES;
				CLANG_WARN_OBJC_LITERAL_CONVERSION = YES;
				CLANG_WARN_OBJC_ROOT_CLASS = YES_ERROR;
				CLANG_WARN_QUOTED_INCLUDE_IN_FRAMEWORK_HEADER = YES;
				CLANG_WARN_RANGE_LOOP_ANALYSIS = YES;
				CLANG_WARN_STRICT_PROTOTYPES = YES;
				CLANG_WARN_SUSPICIOUS_MOVE = YES;
				CLANG_WARN_UNGUARDED_AVAILABILITY = YES_AGGRESSIVE;
				CLANG_WARN_UNREACHABLE_CODE = YES;
				CLANG_WARN__DUPLICATE_METHOD_MATCH = YES;
				COPY_PHASE_STRIP = NO;
				DEBUG_INFORMATION_FORMAT = "dwarf-with-dsym";
				ENABLE_NS_ASSERTIONS = NO;
				ENABLE_STRICT_OBJC_MSGSEND = YES;
				GCC_C_LANGUAGE_STANDARD = gnu11;
				GCC_NO_COMMON_BLOCKS = YES;
				GCC_WARN_64_TO_32_BIT_CONVERSION = YES;
				GCC_WARN_ABOUT_RETURN_TYPE = YES_ERROR;
				GCC_WARN_UNDECLARED_SELECTOR = YES;
				GCC_WARN_UNINITIALIZED_AUTOS = YES_AGGRESSIVE;
				GCC_WARN_UNUSED_FUNCTION = YES;
				GCC_WARN_UNUSED_VARIABLE = YES;
				IPHONEOS_DEPLOYMENT_TARGET = 14.4;
				MTL_ENABLE_DEBUG_INFO = NO;
				MTL_FAST_MATH = YES;
				SDKROOT = iphoneos;
				SWIFT_COMPILATION_MODE = wholemodule;
				SWIFT_OPTIMIZATION_LEVEL = "-O";
				VALIDATE_PRODUCT = YES;
			};
			name = Release;
		};
		57D88117260537C100F301D0 /* Debug */ = {
			isa = XCBuildConfiguration;
			buildSettings = {
				ASSETCATALOG_COMPILER_APPICON_NAME = AppIcon;
				ASSETCATALOG_COMPILER_GLOBAL_ACCENT_COLOR_NAME = AccentColor;
				CODE_SIGN_STYLE = Automatic;
				DEVELOPMENT_TEAM = SQVZTQKZZC;
				INFOPLIST_FILE = "Delegates Challenge App/Info.plist";
				LD_RUNPATH_SEARCH_PATHS = (
					"$(inherited)",
					"@executable_path/Frameworks",
				);
				PRODUCT_BUNDLE_IDENTIFIER = "Ruslan-Ismayilov.Delegates-Challenge-App";
				PRODUCT_NAME = "$(TARGET_NAME)";
				SWIFT_VERSION = 5.0;
				TARGETED_DEVICE_FAMILY = "1,2";
			};
			name = Debug;
		};
		57D88118260537C100F301D0 /* Release */ = {
			isa = XCBuildConfiguration;
			buildSettings = {
				ASSETCATALOG_COMPILER_APPICON_NAME = AppIcon;
				ASSETCATALOG_COMPILER_GLOBAL_ACCENT_COLOR_NAME = AccentColor;
				CODE_SIGN_STYLE = Automatic;
				DEVELOPMENT_TEAM = SQVZTQKZZC;
				INFOPLIST_FILE = "Delegates Challenge App/Info.plist";
				LD_RUNPATH_SEARCH_PATHS = (
					"$(inherited)",
					"@executable_path/Frameworks",
				);
				PRODUCT_BUNDLE_IDENTIFIER = "Ruslan-Ismayilov.Delegates-Challenge-App";
				PRODUCT_NAME = "$(TARGET_NAME)";
				SWIFT_VERSION = 5.0;
				TARGETED_DEVICE_FAMILY = "1,2";
			};
			name = Release;
		};
/* End XCBuildConfiguration section */

/* Begin XCConfigurationList section */
		57D880FD260537B600F301D0 /* Build configuration list for PBXProject "Delegates Challenge App" */ = {
			isa = XCConfigurationList;
			buildConfigurations = (
				57D88114260537C100F301D0 /* Debug */,
				57D88115260537C100F301D0 /* Release */,
			);
			defaultConfigurationIsVisible = 0;
			defaultConfigurationName = Release;
		};
		57D88116260537C100F301D0 /* Build configuration list for PBXNativeTarget "Delegates Challenge App" */ = {
			isa = XCConfigurationList;
			buildConfigurations = (
				57D88117260537C100F301D0 /* Debug */,
				57D88118260537C100F301D0 /* Release */,
			);
			defaultConfigurationIsVisible = 0;
			defaultConfigurationName = Release;
		};
/* End XCConfigurationList section */
	};
	rootObject = 57D880FA260537B600F301D0 /* Project object */;
}
